// !$*UTF8*$!
{
	archiveVersion = 1;
	classes = {
	};
	objectVersion = 51;
	objects = {

/* Begin PBXBuildFile section */
		083025F7752745F253A853E5 /* Pods_ChatsApp.framework in Frameworks */ = {isa = PBXBuildFile; fileRef = 79E15C68475180A6541B5294 /* Pods_ChatsApp.framework */; };
		C840D9DA242E9BE900ED2626 /* AppDelegate.swift in Sources */ = {isa = PBXBuildFile; fileRef = C840D9D9242E9BE900ED2626 /* AppDelegate.swift */; };
		C840D9DC242E9BE900ED2626 /* MessageViewController.swift in Sources */ = {isa = PBXBuildFile; fileRef = C840D9DB242E9BE900ED2626 /* MessageViewController.swift */; };
		C840D9DF242E9BE900ED2626 /* Main.storyboard in Resources */ = {isa = PBXBuildFile; fileRef = C840D9DD242E9BE900ED2626 /* Main.storyboard */; };
		C840D9E1242E9BEA00ED2626 /* Assets.xcassets in Resources */ = {isa = PBXBuildFile; fileRef = C840D9E0242E9BEA00ED2626 /* Assets.xcassets */; };
		C840D9E4242E9BEA00ED2626 /* LaunchScreen.storyboard in Resources */ = {isa = PBXBuildFile; fileRef = C840D9E2242E9BEA00ED2626 /* LaunchScreen.storyboard */; };
		C840D9ED242E9CDF00ED2626 /* LoginViewController.swift in Sources */ = {isa = PBXBuildFile; fileRef = C840D9EC242E9CDF00ED2626 /* LoginViewController.swift */; };
		C840D9EF242EA4C700ED2626 /* GoogleService-Info.plist in Resources */ = {isa = PBXBuildFile; fileRef = C840D9EE242EA4C700ED2626 /* GoogleService-Info.plist */; };
		C85400F924393770008D435A /* NewMessageController.swift in Sources */ = {isa = PBXBuildFile; fileRef = C85400F824393770008D435A /* NewMessageController.swift */; };
		C85400FC24395025008D435A /* User.swift in Sources */ = {isa = PBXBuildFile; fileRef = C85400FB24395025008D435A /* User.swift */; };
		C8DAA04C243A63DA0040A460 /* LoginControllerHandler.swift in Sources */ = {isa = PBXBuildFile; fileRef = C8DAA04B243A63DA0040A460 /* LoginControllerHandler.swift */; };
/* End PBXBuildFile section */

/* Begin PBXFileReference section */
		79E15C68475180A6541B5294 /* Pods_ChatsApp.framework */ = {isa = PBXFileReference; explicitFileType = wrapper.framework; includeInIndex = 0; path = Pods_ChatsApp.framework; sourceTree = BUILT_PRODUCTS_DIR; };
		871BA4CE0F79FBF8A59F133C /* Pods-ChatsApp.release.xcconfig */ = {isa = PBXFileReference; includeInIndex = 1; lastKnownFileType = text.xcconfig; name = "Pods-ChatsApp.release.xcconfig"; path = "Target Support Files/Pods-ChatsApp/Pods-ChatsApp.release.xcconfig"; sourceTree = "<group>"; };
		93ADCF4AC7BECF661BB247EA /* Pods-ChatsApp.debug.xcconfig */ = {isa = PBXFileReference; includeInIndex = 1; lastKnownFileType = text.xcconfig; name = "Pods-ChatsApp.debug.xcconfig"; path = "Target Support Files/Pods-ChatsApp/Pods-ChatsApp.debug.xcconfig"; sourceTree = "<group>"; };
		C840D9D6242E9BE900ED2626 /* ChatsApp.app */ = {isa = PBXFileReference; explicitFileType = wrapper.application; includeInIndex = 0; path = ChatsApp.app; sourceTree = BUILT_PRODUCTS_DIR; };
		C840D9D9242E9BE900ED2626 /* AppDelegate.swift */ = {isa = PBXFileReference; lastKnownFileType = sourcecode.swift; path = AppDelegate.swift; sourceTree = "<group>"; };
		C840D9DB242E9BE900ED2626 /* MessageViewController.swift */ = {isa = PBXFileReference; lastKnownFileType = sourcecode.swift; path = MessageViewController.swift; sourceTree = "<group>"; };
		C840D9DE242E9BE900ED2626 /* Base */ = {isa = PBXFileReference; lastKnownFileType = file.storyboard; name = Base; path = Base.lproj/Main.storyboard; sourceTree = "<group>"; };
		C840D9E0242E9BEA00ED2626 /* Assets.xcassets */ = {isa = PBXFileReference; lastKnownFileType = folder.assetcatalog; path = Assets.xcassets; sourceTree = "<group>"; };
		C840D9E3242E9BEA00ED2626 /* Base */ = {isa = PBXFileReference; lastKnownFileType = file.storyboard; name = Base; path = Base.lproj/LaunchScreen.storyboard; sourceTree = "<group>"; };
		C840D9E5242E9BEA00ED2626 /* Info.plist */ = {isa = PBXFileReference; lastKnownFileType = text.plist.xml; path = Info.plist; sourceTree = "<group>"; };
		C840D9EC242E9CDF00ED2626 /* LoginViewController.swift */ = {isa = PBXFileReference; lastKnownFileType = sourcecode.swift; path = LoginViewController.swift; sourceTree = "<group>"; };
		C840D9EE242EA4C700ED2626 /* GoogleService-Info.plist */ = {isa = PBXFileReference; fileEncoding = 4; lastKnownFileType = text.plist.xml; path = "GoogleService-Info.plist"; sourceTree = "<group>"; };
		C85400F824393770008D435A /* NewMessageController.swift */ = {isa = PBXFileReference; lastKnownFileType = sourcecode.swift; path = NewMessageController.swift; sourceTree = "<group>"; };
		C85400FB24395025008D435A /* User.swift */ = {isa = PBXFileReference; lastKnownFileType = sourcecode.swift; path = User.swift; sourceTree = "<group>"; };
		C8DAA04B243A63DA0040A460 /* LoginControllerHandler.swift */ = {isa = PBXFileReference; lastKnownFileType = sourcecode.swift; path = LoginControllerHandler.swift; sourceTree = "<group>"; };
/* End PBXFileReference section */

/* Begin PBXFrameworksBuildPhase section */
		C840D9D3242E9BE900ED2626 /* Frameworks */ = {
			isa = PBXFrameworksBuildPhase;
			buildActionMask = 2147483647;
			files = (
				083025F7752745F253A853E5 /* Pods_ChatsApp.framework in Frameworks */,
			);
			runOnlyForDeploymentPostprocessing = 0;
		};
/* End PBXFrameworksBuildPhase section */

/* Begin PBXGroup section */
		1602871E6B004EB364CC7EB6 /* Frameworks */ = {
			isa = PBXGroup;
			children = (
				79E15C68475180A6541B5294 /* Pods_ChatsApp.framework */,
			);
			name = Frameworks;
			sourceTree = "<group>";
		};
		4925BC295D4C8C698DB556E2 /* Pods */ = {
			isa = PBXGroup;
			children = (
				93ADCF4AC7BECF661BB247EA /* Pods-ChatsApp.debug.xcconfig */,
				871BA4CE0F79FBF8A59F133C /* Pods-ChatsApp.release.xcconfig */,
			);
			path = Pods;
			sourceTree = "<group>";
		};
		C840D9CD242E9BE900ED2626 = {
			isa = PBXGroup;
			children = (
				C85400FA24395007008D435A /* Model */,
				C840D9D8242E9BE900ED2626 /* ChatsApp */,
				C840D9D7242E9BE900ED2626 /* Products */,
				4925BC295D4C8C698DB556E2 /* Pods */,
				1602871E6B004EB364CC7EB6 /* Frameworks */,
			);
			sourceTree = "<group>";
		};
		C840D9D7242E9BE900ED2626 /* Products */ = {
			isa = PBXGroup;
			children = (
				C840D9D6242E9BE900ED2626 /* ChatsApp.app */,
			);
			name = Products;
			sourceTree = "<group>";
		};
		C840D9D8242E9BE900ED2626 /* ChatsApp */ = {
			isa = PBXGroup;
			children = (
				C840D9EB242E9C4B00ED2626 /* Controller */,
				C840D9D9242E9BE900ED2626 /* AppDelegate.swift */,
				C840D9DD242E9BE900ED2626 /* Main.storyboard */,
				C840D9E0242E9BEA00ED2626 /* Assets.xcassets */,
				C840D9E2242E9BEA00ED2626 /* LaunchScreen.storyboard */,
				C840D9E5242E9BEA00ED2626 /* Info.plist */,
				C840D9EE242EA4C700ED2626 /* GoogleService-Info.plist */,
			);
			path = ChatsApp;
			sourceTree = "<group>";
		};
		C840D9EB242E9C4B00ED2626 /* Controller */ = {
			isa = PBXGroup;
			children = (
				C840D9EC242E9CDF00ED2626 /* LoginViewController.swift */,
				C840D9DB242E9BE900ED2626 /* MessageViewController.swift */,
				C85400F824393770008D435A /* NewMessageController.swift */,
				C8DAA04B243A63DA0040A460 /* LoginControllerHandler.swift */,
			);
			path = Controller;
			sourceTree = "<group>";
		};
		C85400FA24395007008D435A /* Model */ = {
			isa = PBXGroup;
			children = (
				C85400FB24395025008D435A /* User.swift */,
			);
			path = Model;
			sourceTree = "<group>";
		};
/* End PBXGroup section */

/* Begin PBXNativeTarget section */
		C840D9D5242E9BE900ED2626 /* ChatsApp */ = {
			isa = PBXNativeTarget;
			buildConfigurationList = C840D9E8242E9BEA00ED2626 /* Build configuration list for PBXNativeTarget "ChatsApp" */;
			buildPhases = (
				24C58F717C4BBF7A6C643AB6 /* [CP] Check Pods Manifest.lock */,
				C840D9D2242E9BE900ED2626 /* Sources */,
				C840D9D3242E9BE900ED2626 /* Frameworks */,
				C840D9D4242E9BE900ED2626 /* Resources */,
				ED5826621BCD5625784F2B5B /* [CP] Embed Pods Frameworks */,
			);
			buildRules = (
			);
			dependencies = (
			);
			name = ChatsApp;
			productName = ChatsApp;
			productReference = C840D9D6242E9BE900ED2626 /* ChatsApp.app */;
			productType = "com.apple.product-type.application";
		};
/* End PBXNativeTarget section */

/* Begin PBXProject section */
		C840D9CE242E9BE900ED2626 /* Project object */ = {
			isa = PBXProject;
			attributes = {
				LastSwiftUpdateCheck = 1010;
				LastUpgradeCheck = 1010;
				ORGANIZATIONNAME = "The Lambton";
				TargetAttributes = {
					C840D9D5242E9BE900ED2626 = {
						CreatedOnToolsVersion = 10.1;
					};
				};
			};
			buildConfigurationList = C840D9D1242E9BE900ED2626 /* Build configuration list for PBXProject "ChatsApp" */;
			compatibilityVersion = "Xcode 9.3";
			developmentRegion = en;
			hasScannedForEncodings = 0;
			knownRegions = (
				en,
				Base,
			);
			mainGroup = C840D9CD242E9BE900ED2626;
			productRefGroup = C840D9D7242E9BE900ED2626 /* Products */;
			projectDirPath = "";
			projectRoot = "";
			targets = (
				C840D9D5242E9BE900ED2626 /* ChatsApp */,
			);
		};
/* End PBXProject section */

/* Begin PBXResourcesBuildPhase section */
		C840D9D4242E9BE900ED2626 /* Resources */ = {
			isa = PBXResourcesBuildPhase;
			buildActionMask = 2147483647;
			files = (
				C840D9E4242E9BEA00ED2626 /* LaunchScreen.storyboard in Resources */,
				C840D9EF242EA4C700ED2626 /* GoogleService-Info.plist in Resources */,
				C840D9E1242E9BEA00ED2626 /* Assets.xcassets in Resources */,
				C840D9DF242E9BE900ED2626 /* Main.storyboard in Resources */,
			);
			runOnlyForDeploymentPostprocessing = 0;
		};
/* End PBXResourcesBuildPhase section */

/* Begin PBXShellScriptBuildPhase section */
		24C58F717C4BBF7A6C643AB6 /* [CP] Check Pods Manifest.lock */ = {
			isa = PBXShellScriptBuildPhase;
			buildActionMask = 2147483647;
			files = (
			);
			inputFileListPaths = (
			);
			inputPaths = (
				"${PODS_PODFILE_DIR_PATH}/Podfile.lock",
				"${PODS_ROOT}/Manifest.lock",
			);
			name = "[CP] Check Pods Manifest.lock";
			outputFileListPaths = (
			);
			outputPaths = (
				"$(DERIVED_FILE_DIR)/Pods-ChatsApp-checkManifestLockResult.txt",
			);
			runOnlyForDeploymentPostprocessing = 0;
			shellPath = /bin/sh;
			shellScript = "diff \"${PODS_PODFILE_DIR_PATH}/Podfile.lock\" \"${PODS_ROOT}/Manifest.lock\" > /dev/null\nif [ $? != 0 ] ; then\n    # print error to STDERR\n    echo \"error: The sandbox is not in sync with the Podfile.lock. Run 'pod install' or update your CocoaPods installation.\" >&2\n    exit 1\nfi\n# This output is used by Xcode 'outputs' to avoid re-running this script phase.\necho \"SUCCESS\" > \"${SCRIPT_OUTPUT_FILE_0}\"\n";
			showEnvVarsInLog = 0;
		};
		ED5826621BCD5625784F2B5B /* [CP] Embed Pods Frameworks */ = {
			isa = PBXShellScriptBuildPhase;
			buildActionMask = 2147483647;
			files = (
			);
			inputFileListPaths = (
				"${PODS_ROOT}/Target Support Files/Pods-ChatsApp/Pods-ChatsApp-frameworks-${CONFIGURATION}-input-files.xcfilelist",
			);
			name = "[CP] Embed Pods Frameworks";
			outputFileListPaths = (
				"${PODS_ROOT}/Target Support Files/Pods-ChatsApp/Pods-ChatsApp-frameworks-${CONFIGURATION}-output-files.xcfilelist",
			);
			runOnlyForDeploymentPostprocessing = 0;
			shellPath = /bin/sh;
			shellScript = "\"${PODS_ROOT}/Target Support Files/Pods-ChatsApp/Pods-ChatsApp-frameworks.sh\"\n";
			showEnvVarsInLog = 0;
		};
/* End PBXShellScriptBuildPhase section */

/* Begin PBXSourcesBuildPhase section */
		C840D9D2242E9BE900ED2626 /* Sources */ = {
			isa = PBXSourcesBuildPhase;
			buildActionMask = 2147483647;
			files = (
				C8DAA04C243A63DA0040A460 /* LoginControllerHandler.swift in Sources */,
				C85400F924393770008D435A /* NewMessageController.swift in Sources */,
				C840D9ED242E9CDF00ED2626 /* LoginViewController.swift in Sources */,
				C840D9DC242E9BE900ED2626 /* MessageViewController.swift in Sources */,
				C85400FC24395025008D435A /* User.swift in Sources */,
				C840D9DA242E9BE900ED2626 /* AppDelegate.swift in Sources */,
			);
			runOnlyForDeploymentPostprocessing = 0;
		};
/* End PBXSourcesBuildPhase section */

/* Begin PBXVariantGroup section */
		C840D9DD242E9BE900ED2626 /* Main.storyboard */ = {
			isa = PBXVariantGroup;
			children = (
				C840D9DE242E9BE900ED2626 /* Base */,
			);
			name = Main.storyboard;
			sourceTree = "<group>";
		};
		C840D9E2242E9BEA00ED2626 /* LaunchScreen.storyboard */ = {
			isa = PBXVariantGroup;
			children = (
				C840D9E3242E9BEA00ED2626 /* Base */,
			);
			name = LaunchScreen.storyboard;
			sourceTree = "<group>";
		};
/* End PBXVariantGroup section */

/* Begin XCBuildConfiguration section */
		C840D9E6242E9BEA00ED2626 /* Debug */ = {
			isa = XCBuildConfiguration;
			buildSettings = {
				ALWAYS_SEARCH_USER_PATHS = NO;
				CLANG_ANALYZER_NONNULL = YES;
				CLANG_ANALYZER_NUMBER_OBJECT_CONVERSION = YES_AGGRESSIVE;
				CLANG_CXX_LANGUAGE_STANDARD = "gnu++14";
				CLANG_CXX_LIBRARY = "libc++";
				CLANG_ENABLE_MODULES = YES;
				CLANG_ENABLE_OBJC_ARC = YES;
				CLANG_ENABLE_OBJC_WEAK = YES;
				CLANG_WARN_BLOCK_CAPTURE_AUTORELEASING = YES;
				CLANG_WARN_BOOL_CONVERSION = YES;
				CLANG_WARN_COMMA = YES;
				CLANG_WARN_CONSTANT_CONVERSION = YES;
				CLANG_WARN_DEPRECATED_OBJC_IMPLEMENTATIONS = YES;
				CLANG_WARN_DIRECT_OBJC_ISA_USAGE = YES_ERROR;
				CLANG_WARN_DOCUMENTATION_COMMENTS = YES;
				CLANG_WARN_EMPTY_BODY = YES;
				CLANG_WARN_ENUM_CONVERSION = YES;
				CLANG_WARN_INFINITE_RECURSION = YES;
				CLANG_WARN_INT_CONVERSION = YES;
				CLANG_WARN_NON_LITERAL_NULL_CONVERSION = YES;
				CLANG_WARN_OBJC_IMPLICIT_RETAIN_SELF = YES;
				CLANG_WARN_OBJC_LITERAL_CONVERSION = YES;
				CLANG_WARN_OBJC_ROOT_CLASS = YES_ERROR;
				CLANG_WARN_RANGE_LOOP_ANALYSIS = YES;
				CLANG_WARN_STRICT_PROTOTYPES = YES;
				CLANG_WARN_SUSPICIOUS_MOVE = YES;
				CLANG_WARN_UNGUARDED_AVAILABILITY = YES_AGGRESSIVE;
				CLANG_WARN_UNREACHABLE_CODE = YES;
				CLANG_WARN__DUPLICATE_METHOD_MATCH = YES;
				CODE_SIGN_IDENTITY = "iPhone Developer";
				COPY_PHASE_STRIP = NO;
				DEBUG_INFORMATION_FORMAT = dwarf;
				ENABLE_STRICT_OBJC_MSGSEND = YES;
				ENABLE_TESTABILITY = YES;
				GCC_C_LANGUAGE_STANDARD = gnu11;
				GCC_DYNAMIC_NO_PIC = NO;
				GCC_NO_COMMON_BLOCKS = YES;
				GCC_OPTIMIZATION_LEVEL = 0;
				GCC_PREPROCESSOR_DEFINITIONS = (
					"DEBUG=1",
					"$(inherited)",
				);
				GCC_WARN_64_TO_32_BIT_CONVERSION = YES;
				GCC_WARN_ABOUT_RETURN_TYPE = YES_ERROR;
				GCC_WARN_UNDECLARED_SELECTOR = YES;
				GCC_WARN_UNINITIALIZED_AUTOS = YES_AGGRESSIVE;
				GCC_WARN_UNUSED_FUNCTION = YES;
				GCC_WARN_UNUSED_VARIABLE = YES;
				IPHONEOS_DEPLOYMENT_TARGET = 12.1;
				MTL_ENABLE_DEBUG_INFO = INCLUDE_SOURCE;
				MTL_FAST_MATH = YES;
				ONLY_ACTIVE_ARCH = YES;
				SDKROOT = iphoneos;
				SWIFT_ACTIVE_COMPILATION_CONDITIONS = DEBUG;
				SWIFT_OPTIMIZATION_LEVEL = "-Onone";
			};
			name = Debug;
		};
		C840D9E7242E9BEA00ED2626 /* Release */ = {
			isa = XCBuildConfiguration;
			buildSettings = {
				ALWAYS_SEARCH_USER_PATHS = NO;
				CLANG_ANALYZER_NONNULL = YES;
				CLANG_ANALYZER_NUMBER_OBJECT_CONVERSION = YES_AGGRESSIVE;
				CLANG_CXX_LANGUAGE_STANDARD = "gnu++14";
				CLANG_CXX_LIBRARY = "libc++";
				CLANG_ENABLE_MODULES = YES;
				CLANG_ENABLE_OBJC_ARC = YES;
				CLANG_ENABLE_OBJC_WEAK = YES;
				CLANG_WARN_BLOCK_CAPTURE_AUTORELEASING = YES;
				CLANG_WARN_BOOL_CONVERSION = YES;
				CLANG_WARN_COMMA = YES;
				CLANG_WARN_CONSTANT_CONVERSION = YES;
				CLANG_WARN_DEPRECATED_OBJC_IMPLEMENTATIONS = YES;
				CLANG_WARN_DIRECT_OBJC_ISA_USAGE = YES_ERROR;
				CLANG_WARN_DOCUMENTATION_COMMENTS = YES;
				CLANG_WARN_EMPTY_BODY = YES;
				CLANG_WARN_ENUM_CONVERSION = YES;
				CLANG_WARN_INFINITE_RECURSION = YES;
				CLANG_WARN_INT_CONVERSION = YES;
				CLANG_WARN_NON_LITERAL_NULL_CONVERSION = YES;
				CLANG_WARN_OBJC_IMPLICIT_RETAIN_SELF = YES;
				CLANG_WARN_OBJC_LITERAL_CONVERSION = YES;
				CLANG_WARN_OBJC_ROOT_CLASS = YES_ERROR;
				CLANG_WARN_RANGE_LOOP_ANALYSIS = YES;
				CLANG_WARN_STRICT_PROTOTYPES = YES;
				CLANG_WARN_SUSPICIOUS_MOVE = YES;
				CLANG_WARN_UNGUARDED_AVAILABILITY = YES_AGGRESSIVE;
				CLANG_WARN_UNREACHABLE_CODE = YES;
				CLANG_WARN__DUPLICATE_METHOD_MATCH = YES;
				CODE_SIGN_IDENTITY = "iPhone Developer";
				COPY_PHASE_STRIP = NO;
				DEBUG_INFORMATION_FORMAT = "dwarf-with-dsym";
				ENABLE_NS_ASSERTIONS = NO;
				ENABLE_STRICT_OBJC_MSGSEND = YES;
				GCC_C_LANGUAGE_STANDARD = gnu11;
				GCC_NO_COMMON_BLOCKS = YES;
				GCC_WARN_64_TO_32_BIT_CONVERSION = YES;
				GCC_WARN_ABOUT_RETURN_TYPE = YES_ERROR;
				GCC_WARN_UNDECLARED_SELECTOR = YES;
				GCC_WARN_UNINITIALIZED_AUTOS = YES_AGGRESSIVE;
				GCC_WARN_UNUSED_FUNCTION = YES;
				GCC_WARN_UNUSED_VARIABLE = YES;
				IPHONEOS_DEPLOYMENT_TARGET = 12.1;
				MTL_ENABLE_DEBUG_INFO = NO;
				MTL_FAST_MATH = YES;
				SDKROOT = iphoneos;
				SWIFT_COMPILATION_MODE = wholemodule;
				SWIFT_OPTIMIZATION_LEVEL = "-O";
				VALIDATE_PRODUCT = YES;
			};
			name = Release;
		};
		C840D9E9242E9BEA00ED2626 /* Debug */ = {
			isa = XCBuildConfiguration;
			baseConfigurationReference = 93ADCF4AC7BECF661BB247EA /* Pods-ChatsApp.debug.xcconfig */;
			buildSettings = {
				ASSETCATALOG_COMPILER_APPICON_NAME = AppIcon;
				CODE_SIGN_STYLE = Automatic;
				DEVELOPMENT_TEAM = 8FGQUSGK88;
				INFOPLIST_FILE = ChatsApp/Info.plist;
				LD_RUNPATH_SEARCH_PATHS = (
					"$(inherited)",
					"@executable_path/Frameworks",
				);
				PRODUCT_BUNDLE_IDENTIFIER = com.gurjeet.ChatsApp;
				PRODUCT_NAME = "$(TARGET_NAME)";
				SWIFT_VERSION = 4.2;
				TARGETED_DEVICE_FAMILY = "1,2";
			};
			name = Debug;
		};
		C840D9EA242E9BEA00ED2626 /* Release */ = {
			isa = XCBuildConfiguration;
			baseConfigurationReference = 871BA4CE0F79FBF8A59F133C /* Pods-ChatsApp.release.xcconfig */;
			buildSettings = {
				ASSETCATALOG_COMPILER_APPICON_NAME = AppIcon;
				CODE_SIGN_STYLE = Automatic;
				DEVELOPMENT_TEAM = 8FGQUSGK88;
				INFOPLIST_FILE = ChatsApp/Info.plist;
				LD_RUNPATH_SEARCH_PATHS = (
					"$(inherited)",
					"@executable_path/Frameworks",
				);
				PRODUCT_BUNDLE_IDENTIFIER = com.gurjeet.ChatsApp;
				PRODUCT_NAME = "$(TARGET_NAME)";
				SWIFT_VERSION = 4.2;
				TARGETED_DEVICE_FAMILY = "1,2";
			};
			name = Release;
		};
/* End XCBuildConfiguration section */

/* Begin XCConfigurationList section */
		C840D9D1242E9BE900ED2626 /* Build configuration list for PBXProject "ChatsApp" */ = {
			isa = XCConfigurationList;
			buildConfigurations = (
				C840D9E6242E9BEA00ED2626 /* Debug */,
				C840D9E7242E9BEA00ED2626 /* Release */,
			);
			defaultConfigurationIsVisible = 0;
			defaultConfigurationName = Release;
		};
		C840D9E8242E9BEA00ED2626 /* Build configuration list for PBXNativeTarget "ChatsApp" */ = {
			isa = XCConfigurationList;
			buildConfigurations = (
				C840D9E9242E9BEA00ED2626 /* Debug */,
				C840D9EA242E9BEA00ED2626 /* Release */,
			);
			defaultConfigurationIsVisible = 0;
			defaultConfigurationName = Release;
		};
/* End XCConfigurationList section */
	};
	rootObject = C840D9CE242E9BE900ED2626 /* Project object */;
}
